
Microsoft Visual Studio Solution File, Format Version 12.00
# Visual Studio Version 16
VisualStudioVersion = 16.0.31729.503
MinimumVisualStudioVersion = 10.0.40219.1
Project("{FAE04EC0-301F-11D3-BF4B-00C04F79EFBC}") = "ATMSimulation", "ATMSimulation\ATMSimulation.csproj", "{7A5D2C1B-ED0D-466D-8873-7A6C51E7C9F4}"
EndProject
Project("{FAE04EC0-301F-11D3-BF4B-00C04F79EFBC}") = "ATMSimulation.Tests", "ATMSimulation.Tests\ATMSimulation.Tests.csproj", "{E1E86F71-E729-4C29-BC56-66E6EAA0D9DF}"
EndProject
Global
	GlobalSection(SolutionConfigurationPlatforms) = preSolution
		Debug|Any CPU = Debug|Any CPU
		Release|Any CPU = Release|Any CPU
	EndGlobalSection
	GlobalSection(ProjectConfigurationPlatforms) = postSolution
		{7A5D2C1B-ED0D-466D-8873-7A6C51E7C9F4}.Debug|Any CPU.ActiveCfg = Debug|Any CPU
		{7A5D2C1B-ED0D-466D-8873-7A6C51E7C9F4}.Debug|Any CPU.Build.0 = Debug|Any CPU
		{7A5D2C1B-ED0D-466D-8873-7A6C51E7C9F4}.Release|Any CPU.ActiveCfg = Release|Any CPU
		{7A5D2C1B-ED0D-466D-8873-7A6C51E7C9F4}.Release|Any CPU.Build.0 = Release|Any CPU
		{E1E86F71-E729-4C29-BC56-66E6EAA0D9DF}.Debug|Any CPU.ActiveCfg = Debug|Any CPU
		{E1E86F71-E729-4C29-BC56-66E6EAA0D9DF}.Debug|Any CPU.Build.0 = Debug|Any CPU
		{E1E86F71-E729-4C29-BC56-66E6EAA0D9DF}.Release|Any CPU.ActiveCfg = Release|Any CPU
		{E1E86F71-E729-4C29-BC56-66E6EAA0D9DF}.Release|Any CPU.Build.0 = Release|Any CPU
	EndGlobalSection
	GlobalSection(SolutionProperties) = preSolution
		HideSolutionNode = FALSE
	EndGlobalSection
	GlobalSection(ExtensibilityGlobals) = postSolution
		SolutionGuid = {473330EF-980B-4394-85B9-865AE6E355CF}
	EndGlobalSection
EndGlobal
