
Microsoft Visual Studio Solution File, Format Version 12.00
# Visual Studio Version 16
VisualStudioVersion = 16.0.31729.503
MinimumVisualStudioVersion = 10.0.40219.1
Project("{FAE04EC0-301F-11D3-BF4B-00C04F79EFBC}") = "ATMWeb", "ATMWeb\ATMWeb.csproj", "{AEA6F8AC-EB5C-4F34-AAFA-B604C63C3F68}"
EndProject
Project("{FAE04EC0-301F-11D3-BF4B-00C04F79EFBC}") = "ATMWeb.Tests", "ATMWeb.Tests\ATMWeb.Tests.csproj", "{73CA78E8-2C19-4E9B-A2DB-26D054FEFE3F}"
EndProject
Global
	GlobalSection(SolutionConfigurationPlatforms) = preSolution
		Debug|Any CPU = Debug|Any CPU
		Release|Any CPU = Release|Any CPU
	EndGlobalSection
	GlobalSection(ProjectConfigurationPlatforms) = postSolution
		{AEA6F8AC-EB5C-4F34-AAFA-B604C63C3F68}.Debug|Any CPU.ActiveCfg = Debug|Any CPU
		{AEA6F8AC-EB5C-4F34-AAFA-B604C63C3F68}.Debug|Any CPU.Build.0 = Debug|Any CPU
		{AEA6F8AC-EB5C-4F34-AAFA-B604C63C3F68}.Release|Any CPU.ActiveCfg = Release|Any CPU
		{AEA6F8AC-EB5C-4F34-AAFA-B604C63C3F68}.Release|Any CPU.Build.0 = Release|Any CPU
		{73CA78E8-2C19-4E9B-A2DB-26D054FEFE3F}.Debug|Any CPU.ActiveCfg = Debug|Any CPU
		{73CA78E8-2C19-4E9B-A2DB-26D054FEFE3F}.Debug|Any CPU.Build.0 = Debug|Any CPU
		{73CA78E8-2C19-4E9B-A2DB-26D054FEFE3F}.Release|Any CPU.ActiveCfg = Release|Any CPU
		{73CA78E8-2C19-4E9B-A2DB-26D054FEFE3F}.Release|Any CPU.Build.0 = Release|Any CPU
	EndGlobalSection
	GlobalSection(SolutionProperties) = preSolution
		HideSolutionNode = FALSE
	EndGlobalSection
	GlobalSection(ExtensibilityGlobals) = postSolution
		SolutionGuid = {473330EF-980B-4394-85B9-865AE6E355CF}
	EndGlobalSection
EndGlobal
